// !$*UTF8*$!
{
	archiveVersion = 1;
	classes = {
	};
	objectVersion = 56;
	objects = {

/* Begin PBXBuildFile section */
		EF06F7142B84EA8600153911 /* PortForwardingService.swift in Sources */ = {isa = PBXBuildFile; fileRef = EF06F7132B84EA8600153911 /* PortForwardingService.swift */; };
		EF06F7172B84EB2200153911 /* NIOSSHClient.swift in Sources */ = {isa = PBXBuildFile; fileRef = EF06F7162B84EB2200153911 /* NIOSSHClient.swift */; };
		EF06F7192B84F22500153911 /* GlueHandler.swift in Sources */ = {isa = PBXBuildFile; fileRef = EF06F7182B84F22500153911 /* GlueHandler.swift */; };
		EF2E791B2AC2D8E90084B2DA /* AppDelegate.swift in Sources */ = {isa = PBXBuildFile; fileRef = EF2E791A2AC2D8E90084B2DA /* AppDelegate.swift */; };
		EF4858832AC5760D0046BFB8 /* SSHTunnelDetailsView.swift in Sources */ = {isa = PBXBuildFile; fileRef = EF4858822AC5760D0046BFB8 /* SSHTunnelDetailsView.swift */; };
		EF4858862AC5767A0046BFB8 /* SSHTunnelsViewModel.swift in Sources */ = {isa = PBXBuildFile; fileRef = EF4858852AC5767A0046BFB8 /* SSHTunnelsViewModel.swift */; };
		EF4858882AC582980046BFB8 /* SSHTunnelConfig.swift in Sources */ = {isa = PBXBuildFile; fileRef = EF4858872AC582980046BFB8 /* SSHTunnelConfig.swift */; };
		EF48588B2AC585BB0046BFB8 /* StorageService.swift in Sources */ = {isa = PBXBuildFile; fileRef = EF48588A2AC585BB0046BFB8 /* StorageService.swift */; };
		EF48588D2AC5D13E0046BFB8 /* Notification.swift in Sources */ = {isa = PBXBuildFile; fileRef = EF48588C2AC5D13E0046BFB8 /* Notification.swift */; };
		EF4DC9BD2AE1CFCE003CC9A6 /* SecureInputView.swift in Sources */ = {isa = PBXBuildFile; fileRef = EF4DC9BC2AE1CFCE003CC9A6 /* SecureInputView.swift */; };
		EF4DC9C12AE2A14B003CC9A6 /* VersionService.swift in Sources */ = {isa = PBXBuildFile; fileRef = EF4DC9C02AE2A14B003CC9A6 /* VersionService.swift */; };
		EF53F9FA2ABCD1430028352E /* App.swift in Sources */ = {isa = PBXBuildFile; fileRef = EF53F9F92ABCD1430028352E /* App.swift */; };
		EF53F9FC2ABCD1430028352E /* ContentView.swift in Sources */ = {isa = PBXBuildFile; fileRef = EF53F9FB2ABCD1430028352E /* ContentView.swift */; };
		EF53F9FE2ABCD1440028352E /* Assets.xcassets in Resources */ = {isa = PBXBuildFile; fileRef = EF53F9FD2ABCD1440028352E /* Assets.xcassets */; };
		EF53FA012ABCD1440028352E /* Preview Assets.xcassets in Resources */ = {isa = PBXBuildFile; fileRef = EF53FA002ABCD1440028352E /* Preview Assets.xcassets */; };
		EF53FA0B2ABCD2100028352E /* ShellService.swift in Sources */ = {isa = PBXBuildFile; fileRef = EF53FA0A2ABCD2100028352E /* ShellService.swift */; };
		EF6FEA902B85623400047597 /* NIOSSH in Frameworks */ = {isa = PBXBuildFile; productRef = EF6FEA8F2B85623400047597 /* NIOSSH */; };
		EF7ED6272AC0587600A1FBAB /* SSHTunnel.swift in Sources */ = {isa = PBXBuildFile; fileRef = EF7ED6262AC0587600A1FBAB /* SSHTunnel.swift */; };
		EF921F952B34FCCB00AD33CE /* LocalNotificationService.swift in Sources */ = {isa = PBXBuildFile; fileRef = EF921F942B34FCCB00AD33CE /* LocalNotificationService.swift */; };
		EFACDF412ACDA24A0056AEF6 /* expect_ssh_password_authent.sh in Resources */ = {isa = PBXBuildFile; fileRef = EFACDF3D2ACD9F980056AEF6 /* expect_ssh_password_authent.sh */; };
		EFC17CA02AC495220072A58F /* SSHTunnelError.swift in Sources */ = {isa = PBXBuildFile; fileRef = EFC17C9F2AC495220072A58F /* SSHTunnelError.swift */; };
		EFC17CA32AC495400072A58F /* SSHTunnelErrorExtension.swift in Sources */ = {isa = PBXBuildFile; fileRef = EFC17CA22AC495400072A58F /* SSHTunnelErrorExtension.swift */; };
		EFC17CA72AC49CAF0072A58F /* AppMenu.swift in Sources */ = {isa = PBXBuildFile; fileRef = EFC17CA62AC49CAF0072A58F /* AppMenu.swift */; };
/* End PBXBuildFile section */

/* Begin PBXFileReference section */
		EF06F7132B84EA8600153911 /* PortForwardingService.swift */ = {isa = PBXFileReference; lastKnownFileType = sourcecode.swift; path = PortForwardingService.swift; sourceTree = "<group>"; };
		EF06F7162B84EB2200153911 /* NIOSSHClient.swift */ = {isa = PBXFileReference; lastKnownFileType = sourcecode.swift; path = NIOSSHClient.swift; sourceTree = "<group>"; };
		EF06F7182B84F22500153911 /* GlueHandler.swift */ = {isa = PBXFileReference; lastKnownFileType = sourcecode.swift; path = GlueHandler.swift; sourceTree = "<group>"; };
		EF2E791A2AC2D8E90084B2DA /* AppDelegate.swift */ = {isa = PBXFileReference; lastKnownFileType = sourcecode.swift; path = AppDelegate.swift; sourceTree = "<group>"; };
		EF4858822AC5760D0046BFB8 /* SSHTunnelDetailsView.swift */ = {isa = PBXFileReference; lastKnownFileType = sourcecode.swift; path = SSHTunnelDetailsView.swift; sourceTree = "<group>"; };
		EF4858852AC5767A0046BFB8 /* SSHTunnelsViewModel.swift */ = {isa = PBXFileReference; lastKnownFileType = sourcecode.swift; path = SSHTunnelsViewModel.swift; sourceTree = "<group>"; };
		EF4858872AC582980046BFB8 /* SSHTunnelConfig.swift */ = {isa = PBXFileReference; lastKnownFileType = sourcecode.swift; path = SSHTunnelConfig.swift; sourceTree = "<group>"; };
		EF48588A2AC585BB0046BFB8 /* StorageService.swift */ = {isa = PBXFileReference; lastKnownFileType = sourcecode.swift; path = StorageService.swift; sourceTree = "<group>"; };
		EF48588C2AC5D13E0046BFB8 /* Notification.swift */ = {isa = PBXFileReference; lastKnownFileType = sourcecode.swift; path = Notification.swift; sourceTree = "<group>"; };
		EF4DC9BC2AE1CFCE003CC9A6 /* SecureInputView.swift */ = {isa = PBXFileReference; lastKnownFileType = sourcecode.swift; path = SecureInputView.swift; sourceTree = "<group>"; };
		EF4DC9BE2AE1DE9B003CC9A6 /* README.md */ = {isa = PBXFileReference; lastKnownFileType = net.daringfireball.markdown; path = README.md; sourceTree = "<group>"; };
		EF4DC9C02AE2A14B003CC9A6 /* VersionService.swift */ = {isa = PBXFileReference; lastKnownFileType = sourcecode.swift; path = VersionService.swift; sourceTree = "<group>"; };
		EF53F9F62ABCD1430028352E /* SSHTunneling.app */ = {isa = PBXFileReference; explicitFileType = wrapper.application; includeInIndex = 0; path = SSHTunneling.app; sourceTree = BUILT_PRODUCTS_DIR; };
		EF53F9F92ABCD1430028352E /* App.swift */ = {isa = PBXFileReference; lastKnownFileType = sourcecode.swift; path = App.swift; sourceTree = "<group>"; };
		EF53F9FB2ABCD1430028352E /* ContentView.swift */ = {isa = PBXFileReference; lastKnownFileType = sourcecode.swift; path = ContentView.swift; sourceTree = "<group>"; };
		EF53F9FD2ABCD1440028352E /* Assets.xcassets */ = {isa = PBXFileReference; lastKnownFileType = folder.assetcatalog; path = Assets.xcassets; sourceTree = "<group>"; };
		EF53FA002ABCD1440028352E /* Preview Assets.xcassets */ = {isa = PBXFileReference; lastKnownFileType = folder.assetcatalog; path = "Preview Assets.xcassets"; sourceTree = "<group>"; };
		EF53FA022ABCD1440028352E /* SSHTunneling.entitlements */ = {isa = PBXFileReference; lastKnownFileType = text.plist.entitlements; path = SSHTunneling.entitlements; sourceTree = "<group>"; };
		EF53FA0A2ABCD2100028352E /* ShellService.swift */ = {isa = PBXFileReference; lastKnownFileType = sourcecode.swift; path = ShellService.swift; sourceTree = "<group>"; };
		EF7ED6262AC0587600A1FBAB /* SSHTunnel.swift */ = {isa = PBXFileReference; lastKnownFileType = sourcecode.swift; path = SSHTunnel.swift; sourceTree = "<group>"; };
		EF7ED62A2AC0651300A1FBAB /* SSHTunneling.entitlements */ = {isa = PBXFileReference; lastKnownFileType = text.plist.entitlements; path = SSHTunneling.entitlements; sourceTree = "<group>"; };
		EF921F942B34FCCB00AD33CE /* LocalNotificationService.swift */ = {isa = PBXFileReference; lastKnownFileType = sourcecode.swift; path = LocalNotificationService.swift; sourceTree = "<group>"; };
		EFACDF3D2ACD9F980056AEF6 /* expect_ssh_password_authent.sh */ = {isa = PBXFileReference; lastKnownFileType = text.script.sh; path = expect_ssh_password_authent.sh; sourceTree = "<group>"; };
		EFACDF402ACDA1EE0056AEF6 /* Info.plist */ = {isa = PBXFileReference; lastKnownFileType = text.plist; path = Info.plist; sourceTree = "<group>"; };
		EFC17C9F2AC495220072A58F /* SSHTunnelError.swift */ = {isa = PBXFileReference; lastKnownFileType = sourcecode.swift; path = SSHTunnelError.swift; sourceTree = "<group>"; };
		EFC17CA22AC495400072A58F /* SSHTunnelErrorExtension.swift */ = {isa = PBXFileReference; lastKnownFileType = sourcecode.swift; path = SSHTunnelErrorExtension.swift; sourceTree = "<group>"; };
		EFC17CA62AC49CAF0072A58F /* AppMenu.swift */ = {isa = PBXFileReference; lastKnownFileType = sourcecode.swift; path = AppMenu.swift; sourceTree = "<group>"; };
/* End PBXFileReference section */

/* Begin PBXFrameworksBuildPhase section */
		EF53F9F32ABCD1430028352E /* Frameworks */ = {
			isa = PBXFrameworksBuildPhase;
			buildActionMask = 2147483647;
			files = (
				EF6FEA902B85623400047597 /* NIOSSH in Frameworks */,
			);
			runOnlyForDeploymentPostprocessing = 0;
		};
/* End PBXFrameworksBuildPhase section */

/* Begin PBXGroup section */
		EF06F7152B84EA8F00153911 /* nio-ssh */ = {
			isa = PBXGroup;
			children = (
				EF06F7132B84EA8600153911 /* PortForwardingService.swift */,
				EF06F7162B84EB2200153911 /* NIOSSHClient.swift */,
				EF06F7182B84F22500153911 /* GlueHandler.swift */,
			);
			path = "nio-ssh";
			sourceTree = "<group>";
		};
		EF4858842AC5766C0046BFB8 /* Models */ = {
			isa = PBXGroup;
			children = (
				EF4858852AC5767A0046BFB8 /* SSHTunnelsViewModel.swift */,
				EF4858872AC582980046BFB8 /* SSHTunnelConfig.swift */,
				EF7ED6262AC0587600A1FBAB /* SSHTunnel.swift */,
			);
			path = Models;
			sourceTree = "<group>";
		};
		EF4858892AC585AB0046BFB8 /* storage */ = {
			isa = PBXGroup;
			children = (
				EF48588A2AC585BB0046BFB8 /* StorageService.swift */,
			);
			path = storage;
			sourceTree = "<group>";
		};
		EF4DC9BF2AE2A13B003CC9A6 /* version */ = {
			isa = PBXGroup;
			children = (
				EF4DC9C02AE2A14B003CC9A6 /* VersionService.swift */,
			);
			path = version;
			sourceTree = "<group>";
		};
		EF53F9ED2ABCD1430028352E = {
			isa = PBXGroup;
			children = (
				EF4DC9BE2AE1DE9B003CC9A6 /* README.md */,
				EF7ED62A2AC0651300A1FBAB /* SSHTunneling.entitlements */,
				EF53F9F82ABCD1430028352E /* SSHTunneling */,
				EF53F9F72ABCD1430028352E /* Products */,
				EFACDF3F2ACDA1C30056AEF6 /* Frameworks */,
			);
			sourceTree = "<group>";
		};
		EF53F9F72ABCD1430028352E /* Products */ = {
			isa = PBXGroup;
			children = (
				EF53F9F62ABCD1430028352E /* SSHTunneling.app */,
			);
			name = Products;
			sourceTree = "<group>";
		};
		EF53F9F82ABCD1430028352E /* SSHTunneling */ = {
			isa = PBXGroup;
			children = (
				EFACDF402ACDA1EE0056AEF6 /* Info.plist */,
				EF4858842AC5766C0046BFB8 /* Models */,
				EFC17CA52AC495A80072A58F /* Views */,
				EFC17CA12AC4952F0072A58F /* Extensions */,
				EFC17C9E2AC495120072A58F /* Enums */,
				EF53FA082ABCD1D30028352E /* Services */,
				EF53F9F92ABCD1430028352E /* App.swift */,
				EF2E791A2AC2D8E90084B2DA /* AppDelegate.swift */,
				EF53F9FD2ABCD1440028352E /* Assets.xcassets */,
				EF53FA022ABCD1440028352E /* SSHTunneling.entitlements */,
				EF53F9FF2ABCD1440028352E /* Preview Content */,
				EFACDF3D2ACD9F980056AEF6 /* expect_ssh_password_authent.sh */,
			);
			path = SSHTunneling;
			sourceTree = "<group>";
		};
		EF53F9FF2ABCD1440028352E /* Preview Content */ = {
			isa = PBXGroup;
			children = (
				EF53FA002ABCD1440028352E /* Preview Assets.xcassets */,
			);
			path = "Preview Content";
			sourceTree = "<group>";
		};
		EF53FA082ABCD1D30028352E /* Services */ = {
			isa = PBXGroup;
			children = (
				EF06F7152B84EA8F00153911 /* nio-ssh */,
				EF921F932B34FCB600AD33CE /* notification */,
				EF4DC9BF2AE2A13B003CC9A6 /* version */,
				EF4858892AC585AB0046BFB8 /* storage */,
				EF53FA092ABCD1E70028352E /* shell */,
			);
			path = Services;
			sourceTree = "<group>";
		};
		EF53FA092ABCD1E70028352E /* shell */ = {
			isa = PBXGroup;
			children = (
				EF53FA0A2ABCD2100028352E /* ShellService.swift */,
			);
			path = shell;
			sourceTree = "<group>";
		};
		EF921F932B34FCB600AD33CE /* notification */ = {
			isa = PBXGroup;
			children = (
				EF921F942B34FCCB00AD33CE /* LocalNotificationService.swift */,
			);
			path = notification;
			sourceTree = "<group>";
		};
		EFACDF3F2ACDA1C30056AEF6 /* Frameworks */ = {
			isa = PBXGroup;
			children = (
			);
			name = Frameworks;
			sourceTree = "<group>";
		};
		EFC17C9E2AC495120072A58F /* Enums */ = {
			isa = PBXGroup;
			children = (
				EFC17C9F2AC495220072A58F /* SSHTunnelError.swift */,
			);
			path = Enums;
			sourceTree = "<group>";
		};
		EFC17CA12AC4952F0072A58F /* Extensions */ = {
			isa = PBXGroup;
			children = (
				EFC17CA22AC495400072A58F /* SSHTunnelErrorExtension.swift */,
				EF48588C2AC5D13E0046BFB8 /* Notification.swift */,
			);
			path = Extensions;
			sourceTree = "<group>";
		};
		EFC17CA52AC495A80072A58F /* Views */ = {
			isa = PBXGroup;
			children = (
				EF53F9FB2ABCD1430028352E /* ContentView.swift */,
				EFC17CA62AC49CAF0072A58F /* AppMenu.swift */,
				EF4858822AC5760D0046BFB8 /* SSHTunnelDetailsView.swift */,
				EF4DC9BC2AE1CFCE003CC9A6 /* SecureInputView.swift */,
			);
			path = Views;
			sourceTree = "<group>";
		};
/* End PBXGroup section */

/* Begin PBXNativeTarget section */
		EF53F9F52ABCD1430028352E /* SSHTunneling */ = {
			isa = PBXNativeTarget;
			buildConfigurationList = EF53FA052ABCD1440028352E /* Build configuration list for PBXNativeTarget "SSHTunneling" */;
			buildPhases = (
				EF53F9F22ABCD1430028352E /* Sources */,
				EF53F9F32ABCD1430028352E /* Frameworks */,
				EF53F9F42ABCD1430028352E /* Resources */,
			);
			buildRules = (
			);
			dependencies = (
			);
			name = SSHTunneling;
			packageProductDependencies = (
				EF6FEA8F2B85623400047597 /* NIOSSH */,
			);
			productName = SSHTunneling;
			productReference = EF53F9F62ABCD1430028352E /* SSHTunneling.app */;
			productType = "com.apple.product-type.application";
		};
/* End PBXNativeTarget section */

/* Begin PBXProject section */
		EF53F9EE2ABCD1430028352E /* Project object */ = {
			isa = PBXProject;
			attributes = {
				BuildIndependentTargetsInParallel = 1;
				KnownAssetTags = (
					New,
				);
				LastSwiftUpdateCheck = 1430;
				LastUpgradeCheck = 1510;
				TargetAttributes = {
					EF53F9F52ABCD1430028352E = {
						CreatedOnToolsVersion = 14.3.1;
					};
				};
			};
			buildConfigurationList = EF53F9F12ABCD1430028352E /* Build configuration list for PBXProject "SSHTunneling" */;
			compatibilityVersion = "Xcode 14.0";
			developmentRegion = en;
			hasScannedForEncodings = 0;
			knownRegions = (
				en,
				Base,
			);
			mainGroup = EF53F9ED2ABCD1430028352E;
			packageReferences = (
				EF6FEA8E2B85623400047597 /* XCRemoteSwiftPackageReference "swift-nio-ssh" */,
			);
			productRefGroup = EF53F9F72ABCD1430028352E /* Products */;
			projectDirPath = "";
			projectRoot = "";
			targets = (
				EF53F9F52ABCD1430028352E /* SSHTunneling */,
			);
		};
/* End PBXProject section */

/* Begin PBXResourcesBuildPhase section */
		EF53F9F42ABCD1430028352E /* Resources */ = {
			isa = PBXResourcesBuildPhase;
			buildActionMask = 2147483647;
			files = (
				EFACDF412ACDA24A0056AEF6 /* expect_ssh_password_authent.sh in Resources */,
				EF53FA012ABCD1440028352E /* Preview Assets.xcassets in Resources */,
				EF53F9FE2ABCD1440028352E /* Assets.xcassets in Resources */,
			);
			runOnlyForDeploymentPostprocessing = 0;
		};
/* End PBXResourcesBuildPhase section */

/* Begin PBXSourcesBuildPhase section */
		EF53F9F22ABCD1430028352E /* Sources */ = {
			isa = PBXSourcesBuildPhase;
			buildActionMask = 2147483647;
			files = (
				EF4858882AC582980046BFB8 /* SSHTunnelConfig.swift in Sources */,
				EF48588B2AC585BB0046BFB8 /* StorageService.swift in Sources */,
				EF53F9FC2ABCD1430028352E /* ContentView.swift in Sources */,
				EF53F9FA2ABCD1430028352E /* App.swift in Sources */,
				EF4DC9C12AE2A14B003CC9A6 /* VersionService.swift in Sources */,
				EF06F7142B84EA8600153911 /* PortForwardingService.swift in Sources */,
				EF06F7172B84EB2200153911 /* NIOSSHClient.swift in Sources */,
				EF7ED6272AC0587600A1FBAB /* SSHTunnel.swift in Sources */,
				EF4858862AC5767A0046BFB8 /* SSHTunnelsViewModel.swift in Sources */,
				EFC17CA32AC495400072A58F /* SSHTunnelErrorExtension.swift in Sources */,
				EF48588D2AC5D13E0046BFB8 /* Notification.swift in Sources */,
				EFC17CA02AC495220072A58F /* SSHTunnelError.swift in Sources */,
				EF4858832AC5760D0046BFB8 /* SSHTunnelDetailsView.swift in Sources */,
				EF4DC9BD2AE1CFCE003CC9A6 /* SecureInputView.swift in Sources */,
				EF921F952B34FCCB00AD33CE /* LocalNotificationService.swift in Sources */,
				EF2E791B2AC2D8E90084B2DA /* AppDelegate.swift in Sources */,
				EFC17CA72AC49CAF0072A58F /* AppMenu.swift in Sources */,
				EF06F7192B84F22500153911 /* GlueHandler.swift in Sources */,
				EF53FA0B2ABCD2100028352E /* ShellService.swift in Sources */,
			);
			runOnlyForDeploymentPostprocessing = 0;
		};
/* End PBXSourcesBuildPhase section */

/* Begin XCBuildConfiguration section */
		EF53FA032ABCD1440028352E /* Debug */ = {
			isa = XCBuildConfiguration;
			buildSettings = {
				ALWAYS_SEARCH_USER_PATHS = NO;
				CLANG_ANALYZER_NONNULL = YES;
				CLANG_ANALYZER_NUMBER_OBJECT_CONVERSION = YES_AGGRESSIVE;
				CLANG_CXX_LANGUAGE_STANDARD = "gnu++20";
				CLANG_ENABLE_MODULES = YES;
				CLANG_ENABLE_OBJC_ARC = YES;
				CLANG_ENABLE_OBJC_WEAK = YES;
				CLANG_WARN_BLOCK_CAPTURE_AUTORELEASING = YES;
				CLANG_WARN_BOOL_CONVERSION = YES;
				CLANG_WARN_COMMA = YES;
				CLANG_WARN_CONSTANT_CONVERSION = YES;
				CLANG_WARN_DEPRECATED_OBJC_IMPLEMENTATIONS = YES;
				CLANG_WARN_DIRECT_OBJC_ISA_USAGE = YES_ERROR;
				CLANG_WARN_DOCUMENTATION_COMMENTS = YES;
				CLANG_WARN_EMPTY_BODY = YES;
				CLANG_WARN_ENUM_CONVERSION = YES;
				CLANG_WARN_INFINITE_RECURSION = YES;
				CLANG_WARN_INT_CONVERSION = YES;
				CLANG_WARN_NON_LITERAL_NULL_CONVERSION = YES;
				CLANG_WARN_OBJC_IMPLICIT_RETAIN_SELF = YES;
				CLANG_WARN_OBJC_LITERAL_CONVERSION = YES;
				CLANG_WARN_OBJC_ROOT_CLASS = YES_ERROR;
				CLANG_WARN_QUOTED_INCLUDE_IN_FRAMEWORK_HEADER = YES;
				CLANG_WARN_RANGE_LOOP_ANALYSIS = YES;
				CLANG_WARN_STRICT_PROTOTYPES = YES;
				CLANG_WARN_SUSPICIOUS_MOVE = YES;
				CLANG_WARN_UNGUARDED_AVAILABILITY = YES_AGGRESSIVE;
				CLANG_WARN_UNREACHABLE_CODE = YES;
				CLANG_WARN__DUPLICATE_METHOD_MATCH = YES;
				COPY_PHASE_STRIP = NO;
				DEAD_CODE_STRIPPING = YES;
				DEBUG_INFORMATION_FORMAT = dwarf;
				ENABLE_STRICT_OBJC_MSGSEND = YES;
				ENABLE_TESTABILITY = YES;
				ENABLE_USER_SCRIPT_SANDBOXING = YES;
				GCC_C_LANGUAGE_STANDARD = gnu11;
				GCC_DYNAMIC_NO_PIC = NO;
				GCC_NO_COMMON_BLOCKS = YES;
				GCC_OPTIMIZATION_LEVEL = 0;
				GCC_PREPROCESSOR_DEFINITIONS = (
					"DEBUG=1",
					"$(inherited)",
				);
				GCC_WARN_64_TO_32_BIT_CONVERSION = YES;
				GCC_WARN_ABOUT_RETURN_TYPE = YES_ERROR;
				GCC_WARN_UNDECLARED_SELECTOR = YES;
				GCC_WARN_UNINITIALIZED_AUTOS = YES_AGGRESSIVE;
				GCC_WARN_UNUSED_FUNCTION = YES;
				GCC_WARN_UNUSED_VARIABLE = YES;
				MACOSX_DEPLOYMENT_TARGET = 14.0;
				MTL_ENABLE_DEBUG_INFO = INCLUDE_SOURCE;
				MTL_FAST_MATH = YES;
				ONLY_ACTIVE_ARCH = YES;
				SDKROOT = macosx;
				SWIFT_ACTIVE_COMPILATION_CONDITIONS = DEBUG;
				SWIFT_OPTIMIZATION_LEVEL = "-Onone";
			};
			name = Debug;
		};
		EF53FA042ABCD1440028352E /* Release */ = {
			isa = XCBuildConfiguration;
			buildSettings = {
				ALWAYS_SEARCH_USER_PATHS = NO;
				CLANG_ANALYZER_NONNULL = YES;
				CLANG_ANALYZER_NUMBER_OBJECT_CONVERSION = YES_AGGRESSIVE;
				CLANG_CXX_LANGUAGE_STANDARD = "gnu++20";
				CLANG_ENABLE_MODULES = YES;
				CLANG_ENABLE_OBJC_ARC = YES;
				CLANG_ENABLE_OBJC_WEAK = YES;
				CLANG_WARN_BLOCK_CAPTURE_AUTORELEASING = YES;
				CLANG_WARN_BOOL_CONVERSION = YES;
				CLANG_WARN_COMMA = YES;
				CLANG_WARN_CONSTANT_CONVERSION = YES;
				CLANG_WARN_DEPRECATED_OBJC_IMPLEMENTATIONS = YES;
				CLANG_WARN_DIRECT_OBJC_ISA_USAGE = YES_ERROR;
				CLANG_WARN_DOCUMENTATION_COMMENTS = YES;
				CLANG_WARN_EMPTY_BODY = YES;
				CLANG_WARN_ENUM_CONVERSION = YES;
				CLANG_WARN_INFINITE_RECURSION = YES;
				CLANG_WARN_INT_CONVERSION = YES;
				CLANG_WARN_NON_LITERAL_NULL_CONVERSION = YES;
				CLANG_WARN_OBJC_IMPLICIT_RETAIN_SELF = YES;
				CLANG_WARN_OBJC_LITERAL_CONVERSION = YES;
				CLANG_WARN_OBJC_ROOT_CLASS = YES_ERROR;
				CLANG_WARN_QUOTED_INCLUDE_IN_FRAMEWORK_HEADER = YES;
				CLANG_WARN_RANGE_LOOP_ANALYSIS = YES;
				CLANG_WARN_STRICT_PROTOTYPES = YES;
				CLANG_WARN_SUSPICIOUS_MOVE = YES;
				CLANG_WARN_UNGUARDED_AVAILABILITY = YES_AGGRESSIVE;
				CLANG_WARN_UNREACHABLE_CODE = YES;
				CLANG_WARN__DUPLICATE_METHOD_MATCH = YES;
				COPY_PHASE_STRIP = NO;
				DEAD_CODE_STRIPPING = YES;
				DEBUG_INFORMATION_FORMAT = "dwarf-with-dsym";
				ENABLE_NS_ASSERTIONS = NO;
				ENABLE_STRICT_OBJC_MSGSEND = YES;
				ENABLE_USER_SCRIPT_SANDBOXING = YES;
				GCC_C_LANGUAGE_STANDARD = gnu11;
				GCC_NO_COMMON_BLOCKS = YES;
				GCC_WARN_64_TO_32_BIT_CONVERSION = YES;
				GCC_WARN_ABOUT_RETURN_TYPE = YES_ERROR;
				GCC_WARN_UNDECLARED_SELECTOR = YES;
				GCC_WARN_UNINITIALIZED_AUTOS = YES_AGGRESSIVE;
				GCC_WARN_UNUSED_FUNCTION = YES;
				GCC_WARN_UNUSED_VARIABLE = YES;
				MACOSX_DEPLOYMENT_TARGET = 14.0;
				MTL_ENABLE_DEBUG_INFO = NO;
				MTL_FAST_MATH = YES;
				SDKROOT = macosx;
				SWIFT_COMPILATION_MODE = wholemodule;
				SWIFT_OPTIMIZATION_LEVEL = "-O";
			};
			name = Release;
		};
		EF53FA062ABCD1440028352E /* Debug */ = {
			isa = XCBuildConfiguration;
			buildSettings = {
				ASSETCATALOG_COMPILER_APPICON_NAME = AppIcon;
				ASSETCATALOG_COMPILER_GLOBAL_ACCENT_COLOR_NAME = AccentColor;
				ASSETCATALOG_COMPILER_INCLUDE_ALL_APPICON_ASSETS = NO;
				CODE_SIGN_ENTITLEMENTS = SSHTunneling/SSHTunneling.entitlements;
				"CODE_SIGN_IDENTITY[sdk=macosx*]" = "Apple Development";
				CODE_SIGN_STYLE = Automatic;
				COMBINE_HIDPI_IMAGES = YES;
				CURRENT_PROJECT_VERSION = 1;
				DEAD_CODE_STRIPPING = YES;
				DEVELOPMENT_ASSET_PATHS = "SSHTunneling/Preview\\ Content";
				DEVELOPMENT_TEAM = 8Y746A2BHG;
				ENABLE_PREVIEWS = YES;
				GENERATE_INFOPLIST_FILE = YES;
				INFOPLIST_FILE = SSHTunneling/Info.plist;
				INFOPLIST_KEY_CFBundleDisplayName = "SSH tunneling";
				INFOPLIST_KEY_LSApplicationCategoryType = "public.app-category.developer-tools";
				INFOPLIST_KEY_NSHumanReadableCopyright = "";
				LD_RUNPATH_SEARCH_PATHS = (
					"$(inherited)",
					"@executable_path/../Frameworks",
				);
				MARKETING_VERSION = 1.0;
				PRODUCT_BUNDLE_IDENTIFIER = com.julianitow.statunneling.SSHTunneling;
				PRODUCT_NAME = "$(TARGET_NAME)";
				SWIFT_EMIT_LOC_STRINGS = YES;
				SWIFT_VERSION = 5.0;
			};
			name = Debug;
		};
		EF53FA072ABCD1440028352E /* Release */ = {
			isa = XCBuildConfiguration;
			buildSettings = {
				ASSETCATALOG_COMPILER_APPICON_NAME = AppIcon;
				ASSETCATALOG_COMPILER_GLOBAL_ACCENT_COLOR_NAME = AccentColor;
				ASSETCATALOG_COMPILER_INCLUDE_ALL_APPICON_ASSETS = NO;
				CODE_SIGN_ENTITLEMENTS = SSHTunneling/SSHTunneling.entitlements;
				"CODE_SIGN_IDENTITY[sdk=macosx*]" = "Apple Development";
				CODE_SIGN_STYLE = Automatic;
				COMBINE_HIDPI_IMAGES = YES;
				CURRENT_PROJECT_VERSION = 1;
				DEAD_CODE_STRIPPING = YES;
				DEVELOPMENT_ASSET_PATHS = "SSHTunneling/Preview\\ Content";
				DEVELOPMENT_TEAM = 8Y746A2BHG;
				ENABLE_PREVIEWS = YES;
				GENERATE_INFOPLIST_FILE = YES;
				INFOPLIST_FILE = SSHTunneling/Info.plist;
				INFOPLIST_KEY_CFBundleDisplayName = "SSH tunneling";
				INFOPLIST_KEY_LSApplicationCategoryType = "public.app-category.developer-tools";
				INFOPLIST_KEY_NSHumanReadableCopyright = "";
				LD_RUNPATH_SEARCH_PATHS = (
					"$(inherited)",
					"@executable_path/../Frameworks",
				);
				MARKETING_VERSION = 1.0;
				PRODUCT_BUNDLE_IDENTIFIER = com.julianitow.statunneling.SSHTunneling;
				PRODUCT_NAME = "$(TARGET_NAME)";
				SWIFT_EMIT_LOC_STRINGS = YES;
				SWIFT_VERSION = 5.0;
			};
			name = Release;
		};
/* End XCBuildConfiguration section */

/* Begin XCConfigurationList section */
		EF53F9F12ABCD1430028352E /* Build configuration list for PBXProject "SSHTunneling" */ = {
			isa = XCConfigurationList;
			buildConfigurations = (
				EF53FA032ABCD1440028352E /* Debug */,
				EF53FA042ABCD1440028352E /* Release */,
			);
			defaultConfigurationIsVisible = 0;
			defaultConfigurationName = Release;
		};
		EF53FA052ABCD1440028352E /* Build configuration list for PBXNativeTarget "SSHTunneling" */ = {
			isa = XCConfigurationList;
			buildConfigurations = (
				EF53FA062ABCD1440028352E /* Debug */,
				EF53FA072ABCD1440028352E /* Release */,
			);
			defaultConfigurationIsVisible = 0;
			defaultConfigurationName = Release;
		};
/* End XCConfigurationList section */

/* Begin XCRemoteSwiftPackageReference section */
		EF6FEA8E2B85623400047597 /* XCRemoteSwiftPackageReference "swift-nio-ssh" */ = {
			isa = XCRemoteSwiftPackageReference;
			repositoryURL = "https://github.com/apple/swift-nio-ssh";
			requirement = {
				kind = upToNextMajorVersion;
				minimumVersion = 0.8.0;
			};
		};
/* End XCRemoteSwiftPackageReference section */

/* Begin XCSwiftPackageProductDependency section */
		EF6FEA8F2B85623400047597 /* NIOSSH */ = {
			isa = XCSwiftPackageProductDependency;
			package = EF6FEA8E2B85623400047597 /* XCRemoteSwiftPackageReference "swift-nio-ssh" */;
			productName = NIOSSH;
		};
/* End XCSwiftPackageProductDependency section */
	};
	rootObject = EF53F9EE2ABCD1430028352E /* Project object */;
}
